
Microsoft Visual Studio Solution File, Format Version 12.00
# Visual Studio 15
VisualStudioVersion = 15.0.28010.2036
MinimumVisualStudioVersion = 10.0.40219.1
Project("{39E8FA4E-9641-4476-844A-EE368BB6229B}") = "Mess", "Mess\Mess.csproj", "{16D23F7C-D310-4153-8B60-D716C9ADA871}"
EndProject
Global
	GlobalSection(SolutionConfigurationPlatforms) = preSolution
		Debug|Any CPU = Debug|Any CPU
		Release|Any CPU = Release|Any CPU
	EndGlobalSection
	GlobalSection(ProjectConfigurationPlatforms) = postSolution
		{16D23F7C-D310-4153-8B60-D716C9ADA871}.Debug|Any CPU.ActiveCfg = Debug|Any CPU
		{16D23F7C-D310-4153-8B60-D716C9ADA871}.Debug|Any CPU.Build.0 = Debug|Any CPU
		{16D23F7C-D310-4153-8B60-D716C9ADA871}.Release|Any CPU.ActiveCfg = Release|Any CPU
		{16D23F7C-D310-4153-8B60-D716C9ADA871}.Release|Any CPU.Build.0 = Release|Any CPU
	EndGlobalSection
	GlobalSection(SolutionProperties) = preSolution
		HideSolutionNode = FALSE
	EndGlobalSection
	GlobalSection(ExtensibilityGlobals) = postSolution
		SolutionGuid = {BFDCA658-82A1-4A1C-BBED-B95B89D599AE}
	EndGlobalSection
EndGlobal
